
Microsoft Visual Studio Solution File, Format Version 12.00
# Visual Studio Version 16
VisualStudioVersion = 16.0.31729.503
MinimumVisualStudioVersion = 10.0.40219.1
Project("{FAE04EC0-301F-11D3-BF4B-00C04F79EFBC}") = "CS_DZ_NEW_Cycle_3", "CS_DZ_NEW_Cycle_3\CS_DZ_NEW_Cycle_3.csproj", "{73632B16-5D22-466D-AB32-8DB3F4D18B2A}"
EndProject
Global
	GlobalSection(SolutionConfigurationPlatforms) = preSolution
		Debug|Any CPU = Debug|Any CPU
		Release|Any CPU = Release|Any CPU
	EndGlobalSection
	GlobalSection(ProjectConfigurationPlatforms) = postSolution
		{73632B16-5D22-466D-AB32-8DB3F4D18B2A}.Debug|Any CPU.ActiveCfg = Debug|Any CPU
		{73632B16-5D22-466D-AB32-8DB3F4D18B2A}.Debug|Any CPU.Build.0 = Debug|Any CPU
		{73632B16-5D22-466D-AB32-8DB3F4D18B2A}.Release|Any CPU.ActiveCfg = Release|Any CPU
		{73632B16-5D22-466D-AB32-8DB3F4D18B2A}.Release|Any CPU.Build.0 = Release|Any CPU
	EndGlobalSection
	GlobalSection(SolutionProperties) = preSolution
		HideSolutionNode = FALSE
	EndGlobalSection
	GlobalSection(ExtensibilityGlobals) = postSolution
		SolutionGuid = {794833DF-E7AC-4F52-8525-11C73806E330}
	EndGlobalSection
EndGlobal
